{
  "originHash" : "7989e97c60b8a051ca153f30b95ab7a9bfe10150bf47244a9391d9f45a15399e",
  "pins" : [
    {
      "identity" : "swift-argument-parser",
      "kind" : "remoteSourceControl",
      "location" : "https://github.com/apple/swift-argument-parser",
      "state" : {
        "revision" : "41982a3656a71c768319979febd796c6fd111d5c",
        "version" : "1.5.0"
      }
    },
    {
      "identity" : "swift-async-algorithms",
      "kind" : "remoteSourceControl",
      "location" : "https://github.com/apple/swift-async-algorithms",
      "state" : {
        "revision" : "5c8bd186f48c16af0775972700626f0b74588278",
        "version" : "1.0.2"
      }
    },
    {
      "identity" : "swift-collections",
      "kind" : "remoteSourceControl",
      "location" : "https://github.com/apple/swift-collections.git",
      "state" : {
        "revision" : "671108c96644956dddcd89dd59c203dcdb36cec7",
        "version" : "1.1.4"
      }
    },
    {
      "identity" : "swift-log",
      "kind" : "remoteSourceControl",
      "location" : "https://github.com/apple/swift-log.git",
      "state" : {
        "revision" : "96a2f8a0fa41e9e09af4585e2724c4e825410b91",
        "version" : "1.6.2"
      }
    },
    {
      "identity" : "swift-service-lifecycle",
      "kind" : "remoteSourceControl",
      "location" : "https://github.com/swift-server/swift-service-lifecycle.git",
      "state" : {
        "revision" : "c2e97cf6f81510f2d6b4a69453861db65d478560",
        "version" : "2.6.3"
      }
    },
    {
      "identity" : "terminal-ansi",
      "kind" : "remoteSourceControl",
      "location" : "https://github.com/juri/terminal-ansi",
      "state" : {
        "revision" : "bb6530f2f29d059629adf76ef3a27b5e06382059",
        "version" : "0.1.1"
      }
    }
  ],
  "version" : 3
}
